
Microsoft Visual Studio Solution File, Format Version 12.00
# Visual Studio Version 17
VisualStudioVersion = 17.8.34309.116
MinimumVisualStudioVersion = 10.0.40219.1
Project("{FAE04EC0-301F-11D3-BF4B-00C04F79EFBC}") = "CarStore", "CarStore\CarStore.csproj", "{1F3C8D76-6225-4E25-8363-2B8701C0DD9D}"
EndProject
Global
	GlobalSection(SolutionConfigurationPlatforms) = preSolution
		Debug|Any CPU = Debug|Any CPU
		Release|Any CPU = Release|Any CPU
	EndGlobalSection
	GlobalSection(ProjectConfigurationPlatforms) = postSolution
		{1F3C8D76-6225-4E25-8363-2B8701C0DD9D}.Debug|Any CPU.ActiveCfg = Debug|Any CPU
		{1F3C8D76-6225-4E25-8363-2B8701C0DD9D}.Debug|Any CPU.Build.0 = Debug|Any CPU
		{1F3C8D76-6225-4E25-8363-2B8701C0DD9D}.Release|Any CPU.ActiveCfg = Release|Any CPU
		{1F3C8D76-6225-4E25-8363-2B8701C0DD9D}.Release|Any CPU.Build.0 = Release|Any CPU
	EndGlobalSection
	GlobalSection(SolutionProperties) = preSolution
		HideSolutionNode = FALSE
	EndGlobalSection
	GlobalSection(ExtensibilityGlobals) = postSolution
		SolutionGuid = {C95A42DF-8125-4529-99C0-003BD641D6CB}
	EndGlobalSection
EndGlobal
